// !$*UTF8*$!
{
	archiveVersion = 1;
	classes = {
	};
	objectVersion = 50;
	objects = {

/* Begin PBXBuildFile section */
		251B8EAD23EAFB4F000F7443 /* RWVideoKit.framework in Frameworks */ = {isa = PBXBuildFile; fileRef = 251B8EA323EAFB4F000F7443 /* RWVideoKit.framework */; };
		251B8EB223EAFB4F000F7443 /* RWVideoKitTests.swift in Sources */ = {isa = PBXBuildFile; fileRef = 251B8EB123EAFB4F000F7443 /* RWVideoKitTests.swift */; };
		25B5F92823EAFCF700A45F2D /* RWOperation.h in Headers */ = {isa = PBXBuildFile; fileRef = 25B5F91323EAFCF400A45F2D /* RWOperation.h */; };
		25B5F92923EAFCF700A45F2D /* RWPlayerScript.m in Sources */ = {isa = PBXBuildFile; fileRef = 25B5F91423EAFCF400A45F2D /* RWPlayerScript.m */; };
		25B5F92A23EAFCF700A45F2D /* RWVideo+Private.h in Headers */ = {isa = PBXBuildFile; fileRef = 25B5F91523EAFCF500A45F2D /* RWVideo+Private.h */; };
		25B5F92B23EAFCF700A45F2D /* RWLogger.m in Sources */ = {isa = PBXBuildFile; fileRef = 25B5F91623EAFCF500A45F2D /* RWLogger.m */; };
		25B5F92C23EAFCF700A45F2D /* RWError.h in Headers */ = {isa = PBXBuildFile; fileRef = 25B5F91723EAFCF500A45F2D /* RWError.h */; };
		25B5F92D23EAFCF700A45F2D /* RWVideo.h in Headers */ = {isa = PBXBuildFile; fileRef = 25B5F91823EAFCF500A45F2D /* RWVideo.h */; };
		25B5F92E23EAFCF700A45F2D /* RWDashManifestXML.h in Headers */ = {isa = PBXBuildFile; fileRef = 25B5F91923EAFCF500A45F2D /* RWDashManifestXML.h */; };
		25B5F92F23EAFCF700A45F2D /* RWVideo.m in Sources */ = {isa = PBXBuildFile; fileRef = 25B5F91A23EAFCF500A45F2D /* RWVideo.m */; };
		25B5F93023EAFCF700A45F2D /* RWVideoOperation.h in Headers */ = {isa = PBXBuildFile; fileRef = 25B5F91B23EAFCF500A45F2D /* RWVideoOperation.h */; };
		25B5F93123EAFCF700A45F2D /* RWVideoWebpage.m in Sources */ = {isa = PBXBuildFile; fileRef = 25B5F91C23EAFCF500A45F2D /* RWVideoWebpage.m */; };
		25B5F93223EAFCF700A45F2D /* RWDashManifestXML.m in Sources */ = {isa = PBXBuildFile; fileRef = 25B5F91D23EAFCF500A45F2D /* RWDashManifestXML.m */; };
		25B5F93323EAFCF700A45F2D /* RWLogger.h in Headers */ = {isa = PBXBuildFile; fileRef = 25B5F91E23EAFCF500A45F2D /* RWLogger.h */; };
		25B5F93423EAFCF700A45F2D /* RWVideoPlayerViewController.m in Sources */ = {isa = PBXBuildFile; fileRef = 25B5F91F23EAFCF600A45F2D /* RWVideoPlayerViewController.m */; };
		25B5F93523EAFCF700A45F2D /* RWPlayerScript.h in Headers */ = {isa = PBXBuildFile; fileRef = 25B5F92023EAFCF600A45F2D /* RWPlayerScript.h */; };
		25B5F93623EAFCF700A45F2D /* RWClient.h in Headers */ = {isa = PBXBuildFile; fileRef = 25B5F92123EAFCF600A45F2D /* RWClient.h */; };
		25B5F93723EAFCF700A45F2D /* RWLogger+Private.h in Headers */ = {isa = PBXBuildFile; fileRef = 25B5F92223EAFCF600A45F2D /* RWLogger+Private.h */; };
		25B5F93823EAFCF700A45F2D /* RWClient.m in Sources */ = {isa = PBXBuildFile; fileRef = 25B5F92323EAFCF600A45F2D /* RWClient.m */; };
		25B5F93923EAFCF700A45F2D /* RWVideoPlayerViewController.h in Headers */ = {isa = PBXBuildFile; fileRef = 25B5F92423EAFCF600A45F2D /* RWVideoPlayerViewController.h */; };
		25B5F93A23EAFCF700A45F2D /* RWVideoWebpage.h in Headers */ = {isa = PBXBuildFile; fileRef = 25B5F92523EAFCF600A45F2D /* RWVideoWebpage.h */; };
		25B5F93B23EAFCF700A45F2D /* RWVideoOperation.m in Sources */ = {isa = PBXBuildFile; fileRef = 25B5F92623EAFCF600A45F2D /* RWVideoOperation.m */; };
		25B5F93C23EAFCF700A45F2D /* RWKit.h in Headers */ = {isa = PBXBuildFile; fileRef = 25B5F92723EAFCF700A45F2D /* RWKit.h */; };
		25B5F94323EB163300A45F2D /* RWVideoKit-umbrella.h in Headers */ = {isa = PBXBuildFile; fileRef = 25B5F93E23EB163100A45F2D /* RWVideoKit-umbrella.h */; };
		25B5F94523EB163300A45F2D /* RWVideoKit.xcconfig in Resources */ = {isa = PBXBuildFile; fileRef = 25B5F94023EB163200A45F2D /* RWVideoKit.xcconfig */; };
		25B5F94623EB163300A45F2D /* RWVideoKit-dummy.m in Sources */ = {isa = PBXBuildFile; fileRef = 25B5F94123EB163200A45F2D /* RWVideoKit-dummy.m */; };
		25B5F94723EB163300A45F2D /* RWVideoKit-prefix.pch in Headers */ = {isa = PBXBuildFile; fileRef = 25B5F94223EB163300A45F2D /* RWVideoKit-prefix.pch */; };
		25EFD5B38DBE2207F097F5BF /* Pods_RWVideoKit_RWVideoKitTests.framework in Frameworks */ = {isa = PBXBuildFile; fileRef = 6CBB171D9AC91DF310E01B54 /* Pods_RWVideoKit_RWVideoKitTests.framework */; };
		5BA443F9C4206793BD66EC92 /* Pods_RWVideoKit.framework in Frameworks */ = {isa = PBXBuildFile; fileRef = 7AE6A17D71FC30BDF1099E21 /* Pods_RWVideoKit.framework */; };
/* End PBXBuildFile section */

/* Begin PBXContainerItemProxy section */
		251B8EAE23EAFB4F000F7443 /* PBXContainerItemProxy */ = {
			isa = PBXContainerItemProxy;
			containerPortal = 251B8E9A23EAFB4F000F7443 /* Project object */;
			proxyType = 1;
			remoteGlobalIDString = 251B8EA223EAFB4F000F7443;
			remoteInfo = RWVideoKit;
		};
/* End PBXContainerItemProxy section */

/* Begin PBXFileReference section */
		0FCD4779B1F7B700C9E32387 /* Pods-RWVideoKit.release.xcconfig */ = {isa = PBXFileReference; includeInIndex = 1; lastKnownFileType = text.xcconfig; name = "Pods-RWVideoKit.release.xcconfig"; path = "Target Support Files/Pods-RWVideoKit/Pods-RWVideoKit.release.xcconfig"; sourceTree = "<group>"; };
		251B8EA323EAFB4F000F7443 /* RWVideoKit.framework */ = {isa = PBXFileReference; explicitFileType = wrapper.framework; includeInIndex = 0; path = RWVideoKit.framework; sourceTree = BUILT_PRODUCTS_DIR; };
		251B8EA723EAFB4F000F7443 /* Info.plist */ = {isa = PBXFileReference; lastKnownFileType = text.plist.xml; path = Info.plist; sourceTree = "<group>"; };
		251B8EAC23EAFB4F000F7443 /* RWVideoKitTests.xctest */ = {isa = PBXFileReference; explicitFileType = wrapper.cfbundle; includeInIndex = 0; path = RWVideoKitTests.xctest; sourceTree = BUILT_PRODUCTS_DIR; };
		251B8EB123EAFB4F000F7443 /* RWVideoKitTests.swift */ = {isa = PBXFileReference; lastKnownFileType = sourcecode.swift; path = RWVideoKitTests.swift; sourceTree = "<group>"; };
		251B8EB323EAFB4F000F7443 /* Info.plist */ = {isa = PBXFileReference; lastKnownFileType = text.plist.xml; path = Info.plist; sourceTree = "<group>"; };
		25B5F91323EAFCF400A45F2D /* RWOperation.h */ = {isa = PBXFileReference; fileEncoding = 4; lastKnownFileType = sourcecode.c.h; path = RWOperation.h; sourceTree = "<group>"; };
		25B5F91423EAFCF400A45F2D /* RWPlayerScript.m */ = {isa = PBXFileReference; fileEncoding = 4; lastKnownFileType = sourcecode.c.objc; path = RWPlayerScript.m; sourceTree = "<group>"; };
		25B5F91523EAFCF500A45F2D /* RWVideo+Private.h */ = {isa = PBXFileReference; fileEncoding = 4; lastKnownFileType = sourcecode.c.h; path = "RWVideo+Private.h"; sourceTree = "<group>"; };
		25B5F91623EAFCF500A45F2D /* RWLogger.m */ = {isa = PBXFileReference; fileEncoding = 4; lastKnownFileType = sourcecode.c.objc; path = RWLogger.m; sourceTree = "<group>"; };
		25B5F91723EAFCF500A45F2D /* RWError.h */ = {isa = PBXFileReference; fileEncoding = 4; lastKnownFileType = sourcecode.c.h; path = RWError.h; sourceTree = "<group>"; };
		25B5F91823EAFCF500A45F2D /* RWVideo.h */ = {isa = PBXFileReference; fileEncoding = 4; lastKnownFileType = sourcecode.c.h; path = RWVideo.h; sourceTree = "<group>"; };
		25B5F91923EAFCF500A45F2D /* RWDashManifestXML.h */ = {isa = PBXFileReference; fileEncoding = 4; lastKnownFileType = sourcecode.c.h; path = RWDashManifestXML.h; sourceTree = "<group>"; };
		25B5F91A23EAFCF500A45F2D /* RWVideo.m */ = {isa = PBXFileReference; fileEncoding = 4; lastKnownFileType = sourcecode.c.objc; path = RWVideo.m; sourceTree = "<group>"; };
		25B5F91B23EAFCF500A45F2D /* RWVideoOperation.h */ = {isa = PBXFileReference; fileEncoding = 4; lastKnownFileType = sourcecode.c.h; path = RWVideoOperation.h; sourceTree = "<group>"; };
		25B5F91C23EAFCF500A45F2D /* RWVideoWebpage.m */ = {isa = PBXFileReference; fileEncoding = 4; lastKnownFileType = sourcecode.c.objc; path = RWVideoWebpage.m; sourceTree = "<group>"; };
		25B5F91D23EAFCF500A45F2D /* RWDashManifestXML.m */ = {isa = PBXFileReference; fileEncoding = 4; lastKnownFileType = sourcecode.c.objc; path = RWDashManifestXML.m; sourceTree = "<group>"; };
		25B5F91E23EAFCF500A45F2D /* RWLogger.h */ = {isa = PBXFileReference; fileEncoding = 4; lastKnownFileType = sourcecode.c.h; path = RWLogger.h; sourceTree = "<group>"; };
		25B5F91F23EAFCF600A45F2D /* RWVideoPlayerViewController.m */ = {isa = PBXFileReference; fileEncoding = 4; lastKnownFileType = sourcecode.c.objc; path = RWVideoPlayerViewController.m; sourceTree = "<group>"; };
		25B5F92023EAFCF600A45F2D /* RWPlayerScript.h */ = {isa = PBXFileReference; fileEncoding = 4; lastKnownFileType = sourcecode.c.h; path = RWPlayerScript.h; sourceTree = "<group>"; };
		25B5F92123EAFCF600A45F2D /* RWClient.h */ = {isa = PBXFileReference; fileEncoding = 4; lastKnownFileType = sourcecode.c.h; path = RWClient.h; sourceTree = "<group>"; };
		25B5F92223EAFCF600A45F2D /* RWLogger+Private.h */ = {isa = PBXFileReference; fileEncoding = 4; lastKnownFileType = sourcecode.c.h; path = "RWLogger+Private.h"; sourceTree = "<group>"; };
		25B5F92323EAFCF600A45F2D /* RWClient.m */ = {isa = PBXFileReference; fileEncoding = 4; lastKnownFileType = sourcecode.c.objc; path = RWClient.m; sourceTree = "<group>"; };
		25B5F92423EAFCF600A45F2D /* RWVideoPlayerViewController.h */ = {isa = PBXFileReference; fileEncoding = 4; lastKnownFileType = sourcecode.c.h; path = RWVideoPlayerViewController.h; sourceTree = "<group>"; };
		25B5F92523EAFCF600A45F2D /* RWVideoWebpage.h */ = {isa = PBXFileReference; fileEncoding = 4; lastKnownFileType = sourcecode.c.h; path = RWVideoWebpage.h; sourceTree = "<group>"; };
		25B5F92623EAFCF600A45F2D /* RWVideoOperation.m */ = {isa = PBXFileReference; fileEncoding = 4; lastKnownFileType = sourcecode.c.objc; path = RWVideoOperation.m; sourceTree = "<group>"; };
		25B5F92723EAFCF700A45F2D /* RWKit.h */ = {isa = PBXFileReference; fileEncoding = 4; lastKnownFileType = sourcecode.c.h; path = RWKit.h; sourceTree = "<group>"; };
		25B5F93D23EB163100A45F2D /* RWVideoKit.modulemap */ = {isa = PBXFileReference; fileEncoding = 4; lastKnownFileType = "sourcecode.module-map"; path = RWVideoKit.modulemap; sourceTree = "<group>"; };
		25B5F93E23EB163100A45F2D /* RWVideoKit-umbrella.h */ = {isa = PBXFileReference; fileEncoding = 4; lastKnownFileType = sourcecode.c.h; path = "RWVideoKit-umbrella.h"; sourceTree = "<group>"; };
		25B5F94023EB163200A45F2D /* RWVideoKit.xcconfig */ = {isa = PBXFileReference; fileEncoding = 4; lastKnownFileType = text.xcconfig; path = RWVideoKit.xcconfig; sourceTree = "<group>"; };
		25B5F94123EB163200A45F2D /* RWVideoKit-dummy.m */ = {isa = PBXFileReference; fileEncoding = 4; lastKnownFileType = sourcecode.c.objc; path = "RWVideoKit-dummy.m"; sourceTree = "<group>"; };
		25B5F94223EB163300A45F2D /* RWVideoKit-prefix.pch */ = {isa = PBXFileReference; fileEncoding = 4; lastKnownFileType = sourcecode.c.h; path = "RWVideoKit-prefix.pch"; sourceTree = "<group>"; };
		46E2B651825D607D68A8B4C2 /* Pods-RWVideoKit-RWVideoKitTests.debug.xcconfig */ = {isa = PBXFileReference; includeInIndex = 1; lastKnownFileType = text.xcconfig; name = "Pods-RWVideoKit-RWVideoKitTests.debug.xcconfig"; path = "Target Support Files/Pods-RWVideoKit-RWVideoKitTests/Pods-RWVideoKit-RWVideoKitTests.debug.xcconfig"; sourceTree = "<group>"; };
		6CBB171D9AC91DF310E01B54 /* Pods_RWVideoKit_RWVideoKitTests.framework */ = {isa = PBXFileReference; explicitFileType = wrapper.framework; includeInIndex = 0; path = Pods_RWVideoKit_RWVideoKitTests.framework; sourceTree = BUILT_PRODUCTS_DIR; };
		7AE6A17D71FC30BDF1099E21 /* Pods_RWVideoKit.framework */ = {isa = PBXFileReference; explicitFileType = wrapper.framework; includeInIndex = 0; path = Pods_RWVideoKit.framework; sourceTree = BUILT_PRODUCTS_DIR; };
		D5A05594FB2D2BA83EE91F03 /* Pods-RWVideoKit-RWVideoKitTests.release.xcconfig */ = {isa = PBXFileReference; includeInIndex = 1; lastKnownFileType = text.xcconfig; name = "Pods-RWVideoKit-RWVideoKitTests.release.xcconfig"; path = "Target Support Files/Pods-RWVideoKit-RWVideoKitTests/Pods-RWVideoKit-RWVideoKitTests.release.xcconfig"; sourceTree = "<group>"; };
		E1ECB72780040E022F5D00E7 /* Pods-RWVideoKit.debug.xcconfig */ = {isa = PBXFileReference; includeInIndex = 1; lastKnownFileType = text.xcconfig; name = "Pods-RWVideoKit.debug.xcconfig"; path = "Target Support Files/Pods-RWVideoKit/Pods-RWVideoKit.debug.xcconfig"; sourceTree = "<group>"; };
/* End PBXFileReference section */

/* Begin PBXFrameworksBuildPhase section */
		251B8EA023EAFB4F000F7443 /* Frameworks */ = {
			isa = PBXFrameworksBuildPhase;
			buildActionMask = 2147483647;
			files = (
				5BA443F9C4206793BD66EC92 /* Pods_RWVideoKit.framework in Frameworks */,
			);
			runOnlyForDeploymentPostprocessing = 0;
		};
		251B8EA923EAFB4F000F7443 /* Frameworks */ = {
			isa = PBXFrameworksBuildPhase;
			buildActionMask = 2147483647;
			files = (
				251B8EAD23EAFB4F000F7443 /* RWVideoKit.framework in Frameworks */,
				25EFD5B38DBE2207F097F5BF /* Pods_RWVideoKit_RWVideoKitTests.framework in Frameworks */,
			);
			runOnlyForDeploymentPostprocessing = 0;
		};
/* End PBXFrameworksBuildPhase section */

/* Begin PBXGroup section */
		251B8E9923EAFB4F000F7443 = {
			isa = PBXGroup;
			children = (
				251B8EA523EAFB4F000F7443 /* RWVideoKit */,
				251B8EB023EAFB4F000F7443 /* RWVideoKitTests */,
				251B8EA423EAFB4F000F7443 /* Products */,
				CB9EA9A05913F4F7F33B3CE6 /* Pods */,
				842D2FDFEFEAC765C4DC979C /* Frameworks */,
			);
			sourceTree = "<group>";
		};
		251B8EA423EAFB4F000F7443 /* Products */ = {
			isa = PBXGroup;
			children = (
				251B8EA323EAFB4F000F7443 /* RWVideoKit.framework */,
				251B8EAC23EAFB4F000F7443 /* RWVideoKitTests.xctest */,
			);
			name = Products;
			sourceTree = "<group>";
		};
		251B8EA523EAFB4F000F7443 /* RWVideoKit */ = {
			isa = PBXGroup;
			children = (
				25B5F92123EAFCF600A45F2D /* RWClient.h */,
				25B5F92323EAFCF600A45F2D /* RWClient.m */,
				25B5F91923EAFCF500A45F2D /* RWDashManifestXML.h */,
				25B5F91D23EAFCF500A45F2D /* RWDashManifestXML.m */,
				25B5F91723EAFCF500A45F2D /* RWError.h */,
				25B5F92723EAFCF700A45F2D /* RWKit.h */,
				25B5F91E23EAFCF500A45F2D /* RWLogger.h */,
				25B5F91623EAFCF500A45F2D /* RWLogger.m */,
				25B5F92223EAFCF600A45F2D /* RWLogger+Private.h */,
				25B5F91323EAFCF400A45F2D /* RWOperation.h */,
				25B5F92023EAFCF600A45F2D /* RWPlayerScript.h */,
				25B5F91423EAFCF400A45F2D /* RWPlayerScript.m */,
				25B5F91823EAFCF500A45F2D /* RWVideo.h */,
				25B5F91A23EAFCF500A45F2D /* RWVideo.m */,
				25B5F91523EAFCF500A45F2D /* RWVideo+Private.h */,
				25B5F91B23EAFCF500A45F2D /* RWVideoOperation.h */,
				25B5F92623EAFCF600A45F2D /* RWVideoOperation.m */,
				25B5F92423EAFCF600A45F2D /* RWVideoPlayerViewController.h */,
				25B5F91F23EAFCF600A45F2D /* RWVideoPlayerViewController.m */,
				25B5F92523EAFCF600A45F2D /* RWVideoWebpage.h */,
				25B5F91C23EAFCF500A45F2D /* RWVideoWebpage.m */,
				251B8EBD23EAFC5B000F7443 /* Support Files */,
				251B8EA723EAFB4F000F7443 /* Info.plist */,
			);
			path = RWVideoKit;
			sourceTree = "<group>";
		};
		251B8EB023EAFB4F000F7443 /* RWVideoKitTests */ = {
			isa = PBXGroup;
			children = (
				251B8EB123EAFB4F000F7443 /* RWVideoKitTests.swift */,
				251B8EB323EAFB4F000F7443 /* Info.plist */,
			);
			path = RWVideoKitTests;
			sourceTree = "<group>";
		};
		251B8EBD23EAFC5B000F7443 /* Support Files */ = {
			isa = PBXGroup;
			children = (
				25B5F94123EB163200A45F2D /* RWVideoKit-dummy.m */,
				25B5F94223EB163300A45F2D /* RWVideoKit-prefix.pch */,
				25B5F93E23EB163100A45F2D /* RWVideoKit-umbrella.h */,
				25B5F93D23EB163100A45F2D /* RWVideoKit.modulemap */,
				25B5F94023EB163200A45F2D /* RWVideoKit.xcconfig */,
			);
			path = "Support Files";
			sourceTree = "<group>";
		};
		842D2FDFEFEAC765C4DC979C /* Frameworks */ = {
			isa = PBXGroup;
			children = (
				7AE6A17D71FC30BDF1099E21 /* Pods_RWVideoKit.framework */,
				6CBB171D9AC91DF310E01B54 /* Pods_RWVideoKit_RWVideoKitTests.framework */,
			);
			name = Frameworks;
			sourceTree = "<group>";
		};
		CB9EA9A05913F4F7F33B3CE6 /* Pods */ = {
			isa = PBXGroup;
			children = (
				E1ECB72780040E022F5D00E7 /* Pods-RWVideoKit.debug.xcconfig */,
				0FCD4779B1F7B700C9E32387 /* Pods-RWVideoKit.release.xcconfig */,
				46E2B651825D607D68A8B4C2 /* Pods-RWVideoKit-RWVideoKitTests.debug.xcconfig */,
				D5A05594FB2D2BA83EE91F03 /* Pods-RWVideoKit-RWVideoKitTests.release.xcconfig */,
			);
			path = Pods;
			sourceTree = "<group>";
		};
/* End PBXGroup section */

/* Begin PBXHeadersBuildPhase section */
		251B8E9E23EAFB4F000F7443 /* Headers */ = {
			isa = PBXHeadersBuildPhase;
			buildActionMask = 2147483647;
			files = (
				25B5F94723EB163300A45F2D /* RWVideoKit-prefix.pch in Headers */,
				25B5F94323EB163300A45F2D /* RWVideoKit-umbrella.h in Headers */,
				25B5F92823EAFCF700A45F2D /* RWOperation.h in Headers */,
				25B5F93523EAFCF700A45F2D /* RWPlayerScript.h in Headers */,
				25B5F93923EAFCF700A45F2D /* RWVideoPlayerViewController.h in Headers */,
				25B5F92E23EAFCF700A45F2D /* RWDashManifestXML.h in Headers */,
				25B5F93023EAFCF700A45F2D /* RWVideoOperation.h in Headers */,
				25B5F92C23EAFCF700A45F2D /* RWError.h in Headers */,
				25B5F93723EAFCF700A45F2D /* RWLogger+Private.h in Headers */,
				25B5F93C23EAFCF700A45F2D /* RWKit.h in Headers */,
				25B5F93623EAFCF700A45F2D /* RWClient.h in Headers */,
				25B5F93A23EAFCF700A45F2D /* RWVideoWebpage.h in Headers */,
				25B5F93323EAFCF700A45F2D /* RWLogger.h in Headers */,
				25B5F92A23EAFCF700A45F2D /* RWVideo+Private.h in Headers */,
				25B5F92D23EAFCF700A45F2D /* RWVideo.h in Headers */,
			);
			runOnlyForDeploymentPostprocessing = 0;
		};
/* End PBXHeadersBuildPhase section */

/* Begin PBXNativeTarget section */
		251B8EA223EAFB4F000F7443 /* RWVideoKit */ = {
			isa = PBXNativeTarget;
			buildConfigurationList = 251B8EB723EAFB4F000F7443 /* Build configuration list for PBXNativeTarget "RWVideoKit" */;
			buildPhases = (
				76666DA4C846745BFFDC369F /* [CP] Check Pods Manifest.lock */,
				251B8E9E23EAFB4F000F7443 /* Headers */,
				251B8E9F23EAFB4F000F7443 /* Sources */,
				251B8EA023EAFB4F000F7443 /* Frameworks */,
				251B8EA123EAFB4F000F7443 /* Resources */,
			);
			buildRules = (
			);
			dependencies = (
			);
			name = RWVideoKit;
			productName = RWVideoKit;
			productReference = 251B8EA323EAFB4F000F7443 /* RWVideoKit.framework */;
			productType = "com.apple.product-type.framework";
		};
		251B8EAB23EAFB4F000F7443 /* RWVideoKitTests */ = {
			isa = PBXNativeTarget;
			buildConfigurationList = 251B8EBA23EAFB4F000F7443 /* Build configuration list for PBXNativeTarget "RWVideoKitTests" */;
			buildPhases = (
				C9C26E3E43A6902A0F916FF6 /* [CP] Check Pods Manifest.lock */,
				251B8EA823EAFB4F000F7443 /* Sources */,
				251B8EA923EAFB4F000F7443 /* Frameworks */,
				251B8EAA23EAFB4F000F7443 /* Resources */,
			);
			buildRules = (
			);
			dependencies = (
				251B8EAF23EAFB4F000F7443 /* PBXTargetDependency */,
			);
			name = RWVideoKitTests;
			productName = RWVideoKitTests;
			productReference = 251B8EAC23EAFB4F000F7443 /* RWVideoKitTests.xctest */;
			productType = "com.apple.product-type.bundle.unit-test";
		};
/* End PBXNativeTarget section */

/* Begin PBXProject section */
		251B8E9A23EAFB4F000F7443 /* Project object */ = {
			isa = PBXProject;
			attributes = {
				LastSwiftUpdateCheck = 1010;
				LastUpgradeCheck = 1010;
				ORGANIZATIONNAME = VideoFreedom;
				TargetAttributes = {
					251B8EA223EAFB4F000F7443 = {
						CreatedOnToolsVersion = 10.1;
					};
					251B8EAB23EAFB4F000F7443 = {
						CreatedOnToolsVersion = 10.1;
					};
				};
			};
			buildConfigurationList = 251B8E9D23EAFB4F000F7443 /* Build configuration list for PBXProject "RWVideoKit" */;
			compatibilityVersion = "Xcode 9.3";
			developmentRegion = en;
			hasScannedForEncodings = 0;
			knownRegions = (
				en,
			);
			mainGroup = 251B8E9923EAFB4F000F7443;
			productRefGroup = 251B8EA423EAFB4F000F7443 /* Products */;
			projectDirPath = "";
			projectRoot = "";
			targets = (
				251B8EA223EAFB4F000F7443 /* RWVideoKit */,
				251B8EAB23EAFB4F000F7443 /* RWVideoKitTests */,
			);
		};
/* End PBXProject section */

/* Begin PBXResourcesBuildPhase section */
		251B8EA123EAFB4F000F7443 /* Resources */ = {
			isa = PBXResourcesBuildPhase;
			buildActionMask = 2147483647;
			files = (
				25B5F94523EB163300A45F2D /* RWVideoKit.xcconfig in Resources */,
			);
			runOnlyForDeploymentPostprocessing = 0;
		};
		251B8EAA23EAFB4F000F7443 /* Resources */ = {
			isa = PBXResourcesBuildPhase;
			buildActionMask = 2147483647;
			files = (
			);
			runOnlyForDeploymentPostprocessing = 0;
		};
/* End PBXResourcesBuildPhase section */

/* Begin PBXShellScriptBuildPhase section */
		76666DA4C846745BFFDC369F /* [CP] Check Pods Manifest.lock */ = {
			isa = PBXShellScriptBuildPhase;
			buildActionMask = 2147483647;
			files = (
			);
			inputFileListPaths = (
			);
			inputPaths = (
				"${PODS_PODFILE_DIR_PATH}/Podfile.lock",
				"${PODS_ROOT}/Manifest.lock",
			);
			name = "[CP] Check Pods Manifest.lock";
			outputFileListPaths = (
			);
			outputPaths = (
				"$(DERIVED_FILE_DIR)/Pods-RWVideoKit-checkManifestLockResult.txt",
			);
			runOnlyForDeploymentPostprocessing = 0;
			shellPath = /bin/sh;
			shellScript = "diff \"${PODS_PODFILE_DIR_PATH}/Podfile.lock\" \"${PODS_ROOT}/Manifest.lock\" > /dev/null\nif [ $? != 0 ] ; then\n    # print error to STDERR\n    echo \"error: The sandbox is not in sync with the Podfile.lock. Run 'pod install' or update your CocoaPods installation.\" >&2\n    exit 1\nfi\n# This output is used by Xcode 'outputs' to avoid re-running this script phase.\necho \"SUCCESS\" > \"${SCRIPT_OUTPUT_FILE_0}\"\n";
			showEnvVarsInLog = 0;
		};
		C9C26E3E43A6902A0F916FF6 /* [CP] Check Pods Manifest.lock */ = {
			isa = PBXShellScriptBuildPhase;
			buildActionMask = 2147483647;
			files = (
			);
			inputFileListPaths = (
			);
			inputPaths = (
				"${PODS_PODFILE_DIR_PATH}/Podfile.lock",
				"${PODS_ROOT}/Manifest.lock",
			);
			name = "[CP] Check Pods Manifest.lock";
			outputFileListPaths = (
			);
			outputPaths = (
				"$(DERIVED_FILE_DIR)/Pods-RWVideoKit-RWVideoKitTests-checkManifestLockResult.txt",
			);
			runOnlyForDeploymentPostprocessing = 0;
			shellPath = /bin/sh;
			shellScript = "diff \"${PODS_PODFILE_DIR_PATH}/Podfile.lock\" \"${PODS_ROOT}/Manifest.lock\" > /dev/null\nif [ $? != 0 ] ; then\n    # print error to STDERR\n    echo \"error: The sandbox is not in sync with the Podfile.lock. Run 'pod install' or update your CocoaPods installation.\" >&2\n    exit 1\nfi\n# This output is used by Xcode 'outputs' to avoid re-running this script phase.\necho \"SUCCESS\" > \"${SCRIPT_OUTPUT_FILE_0}\"\n";
			showEnvVarsInLog = 0;
		};
/* End PBXShellScriptBuildPhase section */

/* Begin PBXSourcesBuildPhase section */
		251B8E9F23EAFB4F000F7443 /* Sources */ = {
			isa = PBXSourcesBuildPhase;
			buildActionMask = 2147483647;
			files = (
				25B5F94623EB163300A45F2D /* RWVideoKit-dummy.m in Sources */,
				25B5F92923EAFCF700A45F2D /* RWPlayerScript.m in Sources */,
				25B5F93B23EAFCF700A45F2D /* RWVideoOperation.m in Sources */,
				25B5F93123EAFCF700A45F2D /* RWVideoWebpage.m in Sources */,
				25B5F92B23EAFCF700A45F2D /* RWLogger.m in Sources */,
				25B5F92F23EAFCF700A45F2D /* RWVideo.m in Sources */,
				25B5F93223EAFCF700A45F2D /* RWDashManifestXML.m in Sources */,
				25B5F93823EAFCF700A45F2D /* RWClient.m in Sources */,
				25B5F93423EAFCF700A45F2D /* RWVideoPlayerViewController.m in Sources */,
			);
			runOnlyForDeploymentPostprocessing = 0;
		};
		251B8EA823EAFB4F000F7443 /* Sources */ = {
			isa = PBXSourcesBuildPhase;
			buildActionMask = 2147483647;
			files = (
				251B8EB223EAFB4F000F7443 /* RWVideoKitTests.swift in Sources */,
			);
			runOnlyForDeploymentPostprocessing = 0;
		};
/* End PBXSourcesBuildPhase section */

/* Begin PBXTargetDependency section */
		251B8EAF23EAFB4F000F7443 /* PBXTargetDependency */ = {
			isa = PBXTargetDependency;
			target = 251B8EA223EAFB4F000F7443 /* RWVideoKit */;
			targetProxy = 251B8EAE23EAFB4F000F7443 /* PBXContainerItemProxy */;
		};
/* End PBXTargetDependency section */

/* Begin XCBuildConfiguration section */
		251B8EB523EAFB4F000F7443 /* Debug */ = {
			isa = XCBuildConfiguration;
			buildSettings = {
				ALWAYS_SEARCH_USER_PATHS = NO;
				CLANG_ANALYZER_NONNULL = YES;
				CLANG_ANALYZER_NUMBER_OBJECT_CONVERSION = YES_AGGRESSIVE;
				CLANG_CXX_LANGUAGE_STANDARD = "gnu++14";
				CLANG_CXX_LIBRARY = "libc++";
				CLANG_ENABLE_MODULES = YES;
				CLANG_ENABLE_OBJC_ARC = YES;
				CLANG_ENABLE_OBJC_WEAK = YES;
				CLANG_WARN_BLOCK_CAPTURE_AUTORELEASING = YES;
				CLANG_WARN_BOOL_CONVERSION = YES;
				CLANG_WARN_COMMA = YES;
				CLANG_WARN_CONSTANT_CONVERSION = YES;
				CLANG_WARN_DEPRECATED_OBJC_IMPLEMENTATIONS = YES;
				CLANG_WARN_DIRECT_OBJC_ISA_USAGE = YES_ERROR;
				CLANG_WARN_DOCUMENTATION_COMMENTS = YES;
				CLANG_WARN_EMPTY_BODY = YES;
				CLANG_WARN_ENUM_CONVERSION = YES;
				CLANG_WARN_INFINITE_RECURSION = YES;
				CLANG_WARN_INT_CONVERSION = YES;
				CLANG_WARN_NON_LITERAL_NULL_CONVERSION = YES;
				CLANG_WARN_OBJC_IMPLICIT_RETAIN_SELF = YES;
				CLANG_WARN_OBJC_LITERAL_CONVERSION = YES;
				CLANG_WARN_OBJC_ROOT_CLASS = YES_ERROR;
				CLANG_WARN_RANGE_LOOP_ANALYSIS = YES;
				CLANG_WARN_STRICT_PROTOTYPES = YES;
				CLANG_WARN_SUSPICIOUS_MOVE = YES;
				CLANG_WARN_UNGUARDED_AVAILABILITY = YES_AGGRESSIVE;
				CLANG_WARN_UNREACHABLE_CODE = YES;
				CLANG_WARN__DUPLICATE_METHOD_MATCH = YES;
				CODE_SIGN_IDENTITY = "iPhone Developer";
				COPY_PHASE_STRIP = NO;
				CURRENT_PROJECT_VERSION = 1;
				DEBUG_INFORMATION_FORMAT = dwarf;
				ENABLE_STRICT_OBJC_MSGSEND = YES;
				ENABLE_TESTABILITY = YES;
				GCC_C_LANGUAGE_STANDARD = gnu11;
				GCC_DYNAMIC_NO_PIC = NO;
				GCC_NO_COMMON_BLOCKS = YES;
				GCC_OPTIMIZATION_LEVEL = 0;
				GCC_PREPROCESSOR_DEFINITIONS = (
					"DEBUG=1",
					"$(inherited)",
				);
				GCC_WARN_64_TO_32_BIT_CONVERSION = YES;
				GCC_WARN_ABOUT_RETURN_TYPE = YES_ERROR;
				GCC_WARN_UNDECLARED_SELECTOR = YES;
				GCC_WARN_UNINITIALIZED_AUTOS = YES_AGGRESSIVE;
				GCC_WARN_UNUSED_FUNCTION = YES;
				GCC_WARN_UNUSED_VARIABLE = YES;
				INFOPLIST_FILE = RWVideoKit/Info.plist;
				IPHONEOS_DEPLOYMENT_TARGET = 10.1;
				MTL_ENABLE_DEBUG_INFO = INCLUDE_SOURCE;
				MTL_FAST_MATH = YES;
				ONLY_ACTIVE_ARCH = YES;
				SDKROOT = iphoneos;
				SWIFT_ACTIVE_COMPILATION_CONDITIONS = DEBUG;
				SWIFT_OPTIMIZATION_LEVEL = "-Onone";
				SWIFT_VERSION = 4.2;
				VERSIONING_SYSTEM = "apple-generic";
				VERSION_INFO_PREFIX = "";
			};
			name = Debug;
		};
		251B8EB623EAFB4F000F7443 /* Release */ = {
			isa = XCBuildConfiguration;
			buildSettings = {
				ALWAYS_SEARCH_USER_PATHS = NO;
				CLANG_ANALYZER_NONNULL = YES;
				CLANG_ANALYZER_NUMBER_OBJECT_CONVERSION = YES_AGGRESSIVE;
				CLANG_CXX_LANGUAGE_STANDARD = "gnu++14";
				CLANG_CXX_LIBRARY = "libc++";
				CLANG_ENABLE_MODULES = YES;
				CLANG_ENABLE_OBJC_ARC = YES;
				CLANG_ENABLE_OBJC_WEAK = YES;
				CLANG_WARN_BLOCK_CAPTURE_AUTORELEASING = YES;
				CLANG_WARN_BOOL_CONVERSION = YES;
				CLANG_WARN_COMMA = YES;
				CLANG_WARN_CONSTANT_CONVERSION = YES;
				CLANG_WARN_DEPRECATED_OBJC_IMPLEMENTATIONS = YES;
				CLANG_WARN_DIRECT_OBJC_ISA_USAGE = YES_ERROR;
				CLANG_WARN_DOCUMENTATION_COMMENTS = YES;
				CLANG_WARN_EMPTY_BODY = YES;
				CLANG_WARN_ENUM_CONVERSION = YES;
				CLANG_WARN_INFINITE_RECURSION = YES;
				CLANG_WARN_INT_CONVERSION = YES;
				CLANG_WARN_NON_LITERAL_NULL_CONVERSION = YES;
				CLANG_WARN_OBJC_IMPLICIT_RETAIN_SELF = YES;
				CLANG_WARN_OBJC_LITERAL_CONVERSION = YES;
				CLANG_WARN_OBJC_ROOT_CLASS = YES_ERROR;
				CLANG_WARN_RANGE_LOOP_ANALYSIS = YES;
				CLANG_WARN_STRICT_PROTOTYPES = YES;
				CLANG_WARN_SUSPICIOUS_MOVE = YES;
				CLANG_WARN_UNGUARDED_AVAILABILITY = YES_AGGRESSIVE;
				CLANG_WARN_UNREACHABLE_CODE = YES;
				CLANG_WARN__DUPLICATE_METHOD_MATCH = YES;
				CODE_SIGN_IDENTITY = "iPhone Developer";
				COPY_PHASE_STRIP = NO;
				CURRENT_PROJECT_VERSION = 1;
				DEBUG_INFORMATION_FORMAT = "dwarf-with-dsym";
				ENABLE_NS_ASSERTIONS = NO;
				ENABLE_STRICT_OBJC_MSGSEND = YES;
				GCC_C_LANGUAGE_STANDARD = gnu11;
				GCC_NO_COMMON_BLOCKS = YES;
				GCC_WARN_64_TO_32_BIT_CONVERSION = YES;
				GCC_WARN_ABOUT_RETURN_TYPE = YES_ERROR;
				GCC_WARN_UNDECLARED_SELECTOR = YES;
				GCC_WARN_UNINITIALIZED_AUTOS = YES_AGGRESSIVE;
				GCC_WARN_UNUSED_FUNCTION = YES;
				GCC_WARN_UNUSED_VARIABLE = YES;
				INFOPLIST_FILE = RWVideoKit/Info.plist;
				IPHONEOS_DEPLOYMENT_TARGET = 10.1;
				MTL_ENABLE_DEBUG_INFO = NO;
				MTL_FAST_MATH = YES;
				SDKROOT = iphoneos;
				SWIFT_COMPILATION_MODE = wholemodule;
				SWIFT_OPTIMIZATION_LEVEL = "-O";
				SWIFT_VERSION = 4.2;
				VALIDATE_PRODUCT = YES;
				VERSIONING_SYSTEM = "apple-generic";
				VERSION_INFO_PREFIX = "";
			};
			name = Release;
		};
		251B8EB823EAFB4F000F7443 /* Debug */ = {
			isa = XCBuildConfiguration;
			baseConfigurationReference = E1ECB72780040E022F5D00E7 /* Pods-RWVideoKit.debug.xcconfig */;
			buildSettings = {
				CODE_SIGN_IDENTITY = "";
				CODE_SIGN_STYLE = Automatic;
				DEFINES_MODULE = YES;
				DEVELOPMENT_TEAM = Y89GPRF2C4;
				DYLIB_COMPATIBILITY_VERSION = 1;
				DYLIB_CURRENT_VERSION = 1;
				DYLIB_INSTALL_NAME_BASE = "@rpath";
				INFOPLIST_FILE = RWVideoKit/Info.plist;
				INSTALL_PATH = "$(LOCAL_LIBRARY_DIR)/Frameworks";
				LD_RUNPATH_SEARCH_PATHS = (
					"$(inherited)",
					"@executable_path/Frameworks",
					"@loader_path/Frameworks",
				);
				PRODUCT_BUNDLE_IDENTIFIER = com.videoFreedom.RWVideoKit;
				PRODUCT_NAME = "$(TARGET_NAME:c99extidentifier)";
				SKIP_INSTALL = YES;
				SWIFT_VERSION = 4.2;
				TARGETED_DEVICE_FAMILY = "1,2";
			};
			name = Debug;
		};
		251B8EB923EAFB4F000F7443 /* Release */ = {
			isa = XCBuildConfiguration;
			baseConfigurationReference = 0FCD4779B1F7B700C9E32387 /* Pods-RWVideoKit.release.xcconfig */;
			buildSettings = {
				CODE_SIGN_IDENTITY = "";
				CODE_SIGN_STYLE = Automatic;
				DEFINES_MODULE = YES;
				DEVELOPMENT_TEAM = Y89GPRF2C4;
				DYLIB_COMPATIBILITY_VERSION = 1;
				DYLIB_CURRENT_VERSION = 1;
				DYLIB_INSTALL_NAME_BASE = "@rpath";
				INFOPLIST_FILE = RWVideoKit/Info.plist;
				INSTALL_PATH = "$(LOCAL_LIBRARY_DIR)/Frameworks";
				LD_RUNPATH_SEARCH_PATHS = (
					"$(inherited)",
					"@executable_path/Frameworks",
					"@loader_path/Frameworks",
				);
				PRODUCT_BUNDLE_IDENTIFIER = com.videoFreedom.RWVideoKit;
				PRODUCT_NAME = "$(TARGET_NAME:c99extidentifier)";
				SKIP_INSTALL = YES;
				SWIFT_VERSION = 4.2;
				TARGETED_DEVICE_FAMILY = "1,2";
			};
			name = Release;
		};
		251B8EBB23EAFB4F000F7443 /* Debug */ = {
			isa = XCBuildConfiguration;
			baseConfigurationReference = 46E2B651825D607D68A8B4C2 /* Pods-RWVideoKit-RWVideoKitTests.debug.xcconfig */;
			buildSettings = {
				CODE_SIGN_STYLE = Automatic;
				DEVELOPMENT_TEAM = Y89GPRF2C4;
				INFOPLIST_FILE = RWVideoKitTests/Info.plist;
				LD_RUNPATH_SEARCH_PATHS = (
					"$(inherited)",
					"@executable_path/Frameworks",
					"@loader_path/Frameworks",
				);
				PRODUCT_BUNDLE_IDENTIFIER = com.videoFreedom.RWVideoKitTests;
				PRODUCT_NAME = "$(TARGET_NAME)";
				SWIFT_VERSION = 4.2;
				TARGETED_DEVICE_FAMILY = "1,2";
			};
			name = Debug;
		};
		251B8EBC23EAFB4F000F7443 /* Release */ = {
			isa = XCBuildConfiguration;
			baseConfigurationReference = D5A05594FB2D2BA83EE91F03 /* Pods-RWVideoKit-RWVideoKitTests.release.xcconfig */;
			buildSettings = {
				CODE_SIGN_STYLE = Automatic;
				DEVELOPMENT_TEAM = Y89GPRF2C4;
				INFOPLIST_FILE = RWVideoKitTests/Info.plist;
				LD_RUNPATH_SEARCH_PATHS = (
					"$(inherited)",
					"@executable_path/Frameworks",
					"@loader_path/Frameworks",
				);
				PRODUCT_BUNDLE_IDENTIFIER = com.videoFreedom.RWVideoKitTests;
				PRODUCT_NAME = "$(TARGET_NAME)";
				SWIFT_VERSION = 4.2;
				TARGETED_DEVICE_FAMILY = "1,2";
			};
			name = Release;
		};
/* End XCBuildConfiguration section */

/* Begin XCConfigurationList section */
		251B8E9D23EAFB4F000F7443 /* Build configuration list for PBXProject "RWVideoKit" */ = {
			isa = XCConfigurationList;
			buildConfigurations = (
				251B8EB523EAFB4F000F7443 /* Debug */,
				251B8EB623EAFB4F000F7443 /* Release */,
			);
			defaultConfigurationIsVisible = 0;
			defaultConfigurationName = Release;
		};
		251B8EB723EAFB4F000F7443 /* Build configuration list for PBXNativeTarget "RWVideoKit" */ = {
			isa = XCConfigurationList;
			buildConfigurations = (
				251B8EB823EAFB4F000F7443 /* Debug */,
				251B8EB923EAFB4F000F7443 /* Release */,
			);
			defaultConfigurationIsVisible = 0;
			defaultConfigurationName = Release;
		};
		251B8EBA23EAFB4F000F7443 /* Build configuration list for PBXNativeTarget "RWVideoKitTests" */ = {
			isa = XCConfigurationList;
			buildConfigurations = (
				251B8EBB23EAFB4F000F7443 /* Debug */,
				251B8EBC23EAFB4F000F7443 /* Release */,
			);
			defaultConfigurationIsVisible = 0;
			defaultConfigurationName = Release;
		};
/* End XCConfigurationList section */
	};
	rootObject = 251B8E9A23EAFB4F000F7443 /* Project object */;
}
